// !$*UTF8*$!
{
	archiveVersion = 1;
	classes = {
	};
	objectVersion = 50;
	objects = {

/* Begin PBXBuildFile section */
		074AEF19226F044B00AF6619 /* SFParser.cpp in Sources */ = {isa = PBXBuildFile; fileRef = 074AEF18226F044B00AF6619 /* SFParser.cpp */; };
		074AEF1D226F2EA800AF6619 /* SFCamera.cpp in Sources */ = {isa = PBXBuildFile; fileRef = 074AEF1B226F2EA800AF6619 /* SFCamera.cpp */; };
/* End PBXBuildFile section */

/* Begin PBXCopyFilesBuildPhase section */
		074D4B3A2240EDAA00EB9304 /* CopyFiles */ = {
			isa = PBXCopyFilesBuildPhase;
			buildActionMask = 2147483647;
			dstPath = "include/$(PRODUCT_NAME)";
			dstSubfolderSpec = 16;
			files = (
			);
			runOnlyForDeploymentPostprocessing = 0;
		};
/* End PBXCopyFilesBuildPhase section */

/* Begin PBXFileReference section */
		074AEF02226EC16E00AF6619 /* SFNormalEmitter.h */ = {isa = PBXFileReference; lastKnownFileType = sourcecode.c.h; path = SFNormalEmitter.h; sourceTree = "<group>"; };
		074AEF03226EC16E00AF6619 /* SFFillEmitter.h */ = {isa = PBXFileReference; lastKnownFileType = sourcecode.c.h; path = SFFillEmitter.h; sourceTree = "<group>"; };
		074AEF04226EC16E00AF6619 /* Starfall.h */ = {isa = PBXFileReference; lastKnownFileType = sourcecode.c.h; path = Starfall.h; sourceTree = "<group>"; };
		074AEF08226EC16E00AF6619 /* SFSystem.h */ = {isa = PBXFileReference; lastKnownFileType = sourcecode.c.h; path = SFSystem.h; sourceTree = "<group>"; };
		074AEF09226EC16F00AF6619 /* SFNode.h */ = {isa = PBXFileReference; lastKnownFileType = sourcecode.c.h; path = SFNode.h; sourceTree = "<group>"; };
		074AEF0F226EC16F00AF6619 /* SFEmitter.h */ = {isa = PBXFileReference; lastKnownFileType = sourcecode.c.h; path = SFEmitter.h; sourceTree = "<group>"; };
		074AEF11226EC16F00AF6619 /* SFShader.h */ = {isa = PBXFileReference; lastKnownFileType = sourcecode.c.h; path = SFShader.h; sourceTree = "<group>"; };
		074AEF17226EF02900AF6619 /* SFParser.h */ = {isa = PBXFileReference; lastKnownFileType = sourcecode.c.h; path = SFParser.h; sourceTree = "<group>"; };
		074AEF18226F044B00AF6619 /* SFParser.cpp */ = {isa = PBXFileReference; lastKnownFileType = sourcecode.cpp.cpp; path = SFParser.cpp; sourceTree = "<group>"; };
		074AEF1B226F2EA800AF6619 /* SFCamera.cpp */ = {isa = PBXFileReference; lastKnownFileType = sourcecode.cpp.cpp; path = SFCamera.cpp; sourceTree = "<group>"; };
		074AEF1C226F2EA800AF6619 /* SFCamera.h */ = {isa = PBXFileReference; lastKnownFileType = sourcecode.c.h; path = SFCamera.h; sourceTree = "<group>"; };
		074D4B3C2240EDAA00EB9304 /* libStarfall.a */ = {isa = PBXFileReference; explicitFileType = archive.ar; includeInIndex = 0; path = libStarfall.a; sourceTree = BUILT_PRODUCTS_DIR; };
/* End PBXFileReference section */

/* Begin PBXFrameworksBuildPhase section */
		074D4B392240EDAA00EB9304 /* Frameworks */ = {
			isa = PBXFrameworksBuildPhase;
			buildActionMask = 2147483647;
			files = (
			);
			runOnlyForDeploymentPostprocessing = 0;
		};
/* End PBXFrameworksBuildPhase section */

/* Begin PBXGroup section */
		074AEF00226EC16E00AF6619 /* Source */ = {
			isa = PBXGroup;
			children = (
				074AEF04226EC16E00AF6619 /* Starfall.h */,
				074AEF1A226F2E8900AF6619 /* Camera */,
				074AEF01226EC16E00AF6619 /* Emitter */,
				074AEF05226EC16E00AF6619 /* Parser */,
				074AEF06226EC16E00AF6619 /* Base */,
			);
			name = Source;
			path = ../../Source;
			sourceTree = "<group>";
		};
		074AEF01226EC16E00AF6619 /* Emitter */ = {
			isa = PBXGroup;
			children = (
				074AEF03226EC16E00AF6619 /* SFFillEmitter.h */,
				074AEF02226EC16E00AF6619 /* SFNormalEmitter.h */,
			);
			path = Emitter;
			sourceTree = "<group>";
		};
		074AEF05226EC16E00AF6619 /* Parser */ = {
			isa = PBXGroup;
			children = (
				074AEF17226EF02900AF6619 /* SFParser.h */,
				074AEF18226F044B00AF6619 /* SFParser.cpp */,
			);
			path = Parser;
			sourceTree = "<group>";
		};
		074AEF06226EC16E00AF6619 /* Base */ = {
			isa = PBXGroup;
			children = (
				074AEF08226EC16E00AF6619 /* SFSystem.h */,
				074AEF09226EC16F00AF6619 /* SFNode.h */,
				074AEF0F226EC16F00AF6619 /* SFEmitter.h */,
				074AEF11226EC16F00AF6619 /* SFShader.h */,
			);
			path = Base;
			sourceTree = "<group>";
		};
		074AEF1A226F2E8900AF6619 /* Camera */ = {
			isa = PBXGroup;
			children = (
				074AEF1C226F2EA800AF6619 /* SFCamera.h */,
				074AEF1B226F2EA800AF6619 /* SFCamera.cpp */,
			);
			path = Camera;
			sourceTree = "<group>";
		};
		074D4AD52240E93D00EB9304 = {
			isa = PBXGroup;
			children = (
				074AEF00226EC16E00AF6619 /* Source */,
				074D4AE02240E93D00EB9304 /* Products */,
			);
			sourceTree = "<group>";
		};
		074D4AE02240E93D00EB9304 /* Products */ = {
			isa = PBXGroup;
			children = (
				074D4B3C2240EDAA00EB9304 /* libStarfall.a */,
			);
			name = Products;
			sourceTree = "<group>";
		};
/* End PBXGroup section */

/* Begin PBXNativeTarget section */
		074D4B3B2240EDAA00EB9304 /* Starfall */ = {
			isa = PBXNativeTarget;
			buildConfigurationList = 074D4B422240EDAA00EB9304 /* Build configuration list for PBXNativeTarget "Starfall" */;
			buildPhases = (
				074D4B382240EDAA00EB9304 /* Sources */,
				074D4B392240EDAA00EB9304 /* Frameworks */,
				074D4B3A2240EDAA00EB9304 /* CopyFiles */,
			);
			buildRules = (
			);
			dependencies = (
			);
			name = Starfall;
			productName = Starfall;
			productReference = 074D4B3C2240EDAA00EB9304 /* libStarfall.a */;
			productType = "com.apple.product-type.library.static";
		};
/* End PBXNativeTarget section */

/* Begin PBXProject section */
		074D4AD62240E93D00EB9304 /* Project object */ = {
			isa = PBXProject;
			attributes = {
				LastUpgradeCheck = 1010;
				ORGANIZATIONNAME = Starfall;
				TargetAttributes = {
					074D4B3B2240EDAA00EB9304 = {
						CreatedOnToolsVersion = 10.1;
					};
				};
			};
			buildConfigurationList = 074D4AD92240E93D00EB9304 /* Build configuration list for PBXProject "Starfall" */;
			compatibilityVersion = "Xcode 9.3";
			developmentRegion = en;
			hasScannedForEncodings = 0;
			knownRegions = (
				en,
			);
			mainGroup = 074D4AD52240E93D00EB9304;
			productRefGroup = 074D4AE02240E93D00EB9304 /* Products */;
			projectDirPath = "";
			projectRoot = "";
			targets = (
				074D4B3B2240EDAA00EB9304 /* Starfall */,
			);
		};
/* End PBXProject section */

/* Begin PBXSourcesBuildPhase section */
		074D4B382240EDAA00EB9304 /* Sources */ = {
			isa = PBXSourcesBuildPhase;
			buildActionMask = 2147483647;
			files = (
				074AEF19226F044B00AF6619 /* SFParser.cpp in Sources */,
				074AEF1D226F2EA800AF6619 /* SFCamera.cpp in Sources */,
			);
			runOnlyForDeploymentPostprocessing = 0;
		};
/* End PBXSourcesBuildPhase section */

/* Begin XCBuildConfiguration section */
		074D4AE52240E93D00EB9304 /* Debug */ = {
			isa = XCBuildConfiguration;
			buildSettings = {
				ALWAYS_SEARCH_USER_PATHS = NO;
				CLANG_ANALYZER_NONNULL = YES;
				CLANG_ANALYZER_NUMBER_OBJECT_CONVERSION = YES_AGGRESSIVE;
				CLANG_CXX_LANGUAGE_STANDARD = "gnu++14";
				CLANG_CXX_LIBRARY = "libc++";
				CLANG_ENABLE_MODULES = YES;
				CLANG_ENABLE_OBJC_ARC = YES;
				CLANG_ENABLE_OBJC_WEAK = YES;
				CLANG_WARN_BLOCK_CAPTURE_AUTORELEASING = YES;
				CLANG_WARN_BOOL_CONVERSION = YES;
				CLANG_WARN_COMMA = YES;
				CLANG_WARN_CONSTANT_CONVERSION = YES;
				CLANG_WARN_DEPRECATED_OBJC_IMPLEMENTATIONS = YES;
				CLANG_WARN_DIRECT_OBJC_ISA_USAGE = YES_ERROR;
				CLANG_WARN_DOCUMENTATION_COMMENTS = YES;
				CLANG_WARN_EMPTY_BODY = YES;
				CLANG_WARN_ENUM_CONVERSION = YES;
				CLANG_WARN_INFINITE_RECURSION = YES;
				CLANG_WARN_INT_CONVERSION = YES;
				CLANG_WARN_NON_LITERAL_NULL_CONVERSION = YES;
				CLANG_WARN_OBJC_IMPLICIT_RETAIN_SELF = YES;
				CLANG_WARN_OBJC_LITERAL_CONVERSION = YES;
				CLANG_WARN_OBJC_ROOT_CLASS = YES_ERROR;
				CLANG_WARN_RANGE_LOOP_ANALYSIS = YES;
				CLANG_WARN_STRICT_PROTOTYPES = YES;
				CLANG_WARN_SUSPICIOUS_MOVE = YES;
				CLANG_WARN_UNGUARDED_AVAILABILITY = YES_AGGRESSIVE;
				CLANG_WARN_UNREACHABLE_CODE = YES;
				CLANG_WARN__DUPLICATE_METHOD_MATCH = YES;
				CODE_SIGN_IDENTITY = "iPhone Developer";
				COPY_PHASE_STRIP = NO;
				CURRENT_PROJECT_VERSION = 1;
				DEBUG_INFORMATION_FORMAT = dwarf;
				ENABLE_STRICT_OBJC_MSGSEND = YES;
				ENABLE_TESTABILITY = YES;
				GCC_C_LANGUAGE_STANDARD = gnu11;
				GCC_DYNAMIC_NO_PIC = NO;
				GCC_NO_COMMON_BLOCKS = YES;
				GCC_OPTIMIZATION_LEVEL = 0;
				GCC_PREPROCESSOR_DEFINITIONS = (
					"DEBUG=1",
					"$(inherited)",
				);
				GCC_WARN_64_TO_32_BIT_CONVERSION = YES;
				GCC_WARN_ABOUT_RETURN_TYPE = YES_ERROR;
				GCC_WARN_UNDECLARED_SELECTOR = YES;
				GCC_WARN_UNINITIALIZED_AUTOS = YES_AGGRESSIVE;
				GCC_WARN_UNUSED_FUNCTION = YES;
				GCC_WARN_UNUSED_VARIABLE = YES;
				IPHONEOS_DEPLOYMENT_TARGET = 12.1;
				MTL_ENABLE_DEBUG_INFO = INCLUDE_SOURCE;
				MTL_FAST_MATH = YES;
				ONLY_ACTIVE_ARCH = YES;
				SDKROOT = iphoneos;
				VERSIONING_SYSTEM = "apple-generic";
				VERSION_INFO_PREFIX = "";
			};
			name = Debug;
		};
		074D4AE62240E93D00EB9304 /* Release */ = {
			isa = XCBuildConfiguration;
			buildSettings = {
				ALWAYS_SEARCH_USER_PATHS = NO;
				CLANG_ANALYZER_NONNULL = YES;
				CLANG_ANALYZER_NUMBER_OBJECT_CONVERSION = YES_AGGRESSIVE;
				CLANG_CXX_LANGUAGE_STANDARD = "gnu++14";
				CLANG_CXX_LIBRARY = "libc++";
				CLANG_ENABLE_MODULES = YES;
				CLANG_ENABLE_OBJC_ARC = YES;
				CLANG_ENABLE_OBJC_WEAK = YES;
				CLANG_WARN_BLOCK_CAPTURE_AUTORELEASING = YES;
				CLANG_WARN_BOOL_CONVERSION = YES;
				CLANG_WARN_COMMA = YES;
				CLANG_WARN_CONSTANT_CONVERSION = YES;
				CLANG_WARN_DEPRECATED_OBJC_IMPLEMENTATIONS = YES;
				CLANG_WARN_DIRECT_OBJC_ISA_USAGE = YES_ERROR;
				CLANG_WARN_DOCUMENTATION_COMMENTS = YES;
				CLANG_WARN_EMPTY_BODY = YES;
				CLANG_WARN_ENUM_CONVERSION = YES;
				CLANG_WARN_INFINITE_RECURSION = YES;
				CLANG_WARN_INT_CONVERSION = YES;
				CLANG_WARN_NON_LITERAL_NULL_CONVERSION = YES;
				CLANG_WARN_OBJC_IMPLICIT_RETAIN_SELF = YES;
				CLANG_WARN_OBJC_LITERAL_CONVERSION = YES;
				CLANG_WARN_OBJC_ROOT_CLASS = YES_ERROR;
				CLANG_WARN_RANGE_LOOP_ANALYSIS = YES;
				CLANG_WARN_STRICT_PROTOTYPES = YES;
				CLANG_WARN_SUSPICIOUS_MOVE = YES;
				CLANG_WARN_UNGUARDED_AVAILABILITY = YES_AGGRESSIVE;
				CLANG_WARN_UNREACHABLE_CODE = YES;
				CLANG_WARN__DUPLICATE_METHOD_MATCH = YES;
				CODE_SIGN_IDENTITY = "iPhone Developer";
				COPY_PHASE_STRIP = NO;
				CURRENT_PROJECT_VERSION = 1;
				DEBUG_INFORMATION_FORMAT = "dwarf-with-dsym";
				ENABLE_NS_ASSERTIONS = NO;
				ENABLE_STRICT_OBJC_MSGSEND = YES;
				GCC_C_LANGUAGE_STANDARD = gnu11;
				GCC_NO_COMMON_BLOCKS = YES;
				GCC_WARN_64_TO_32_BIT_CONVERSION = YES;
				GCC_WARN_ABOUT_RETURN_TYPE = YES_ERROR;
				GCC_WARN_UNDECLARED_SELECTOR = YES;
				GCC_WARN_UNINITIALIZED_AUTOS = YES_AGGRESSIVE;
				GCC_WARN_UNUSED_FUNCTION = YES;
				GCC_WARN_UNUSED_VARIABLE = YES;
				IPHONEOS_DEPLOYMENT_TARGET = 12.1;
				MTL_ENABLE_DEBUG_INFO = NO;
				MTL_FAST_MATH = YES;
				SDKROOT = iphoneos;
				VALIDATE_PRODUCT = YES;
				VERSIONING_SYSTEM = "apple-generic";
				VERSION_INFO_PREFIX = "";
			};
			name = Release;
		};
		074D4B432240EDAA00EB9304 /* Debug */ = {
			isa = XCBuildConfiguration;
			buildSettings = {
				CODE_SIGN_STYLE = Automatic;
				DEVELOPMENT_TEAM = ZSGBMMMZ4T;
				GCC_PREPROCESSOR_DEFINITIONS = (
					"IOS=1",
					"DEBUG=1",
					GLES_SILENCE_DEPRECATION,
				);
				HEADER_SEARCH_PATHS = (
					"\"$(SRCROOT)/../../Library/ObjectiveGL/include\"",
					"\"$(SRCROOT)/../../Library/rapidjson/include\"",
					"\"$(SRCROOT)/../../Library/glm\"",
				);
				OTHER_LDFLAGS = "-ObjC";
				PRODUCT_NAME = "$(TARGET_NAME)";
				SKIP_INSTALL = YES;
				TARGETED_DEVICE_FAMILY = "1,2";
			};
			name = Debug;
		};
		074D4B442240EDAA00EB9304 /* Release */ = {
			isa = XCBuildConfiguration;
			buildSettings = {
				CODE_SIGN_STYLE = Automatic;
				DEVELOPMENT_TEAM = ZSGBMMMZ4T;
				GCC_PREPROCESSOR_DEFINITIONS = (
					"IOS=1",
					GLES_SILENCE_DEPRECATION,
				);
				HEADER_SEARCH_PATHS = (
					"\"$(SRCROOT)/../../Library/ObjectiveGL/include\"",
					"\"$(SRCROOT)/../../Library/rapidjson/include\"",
					"\"$(SRCROOT)/../../Library/glm\"",
				);
				OTHER_LDFLAGS = "-ObjC";
				PRODUCT_NAME = "$(TARGET_NAME)";
				SKIP_INSTALL = YES;
				TARGETED_DEVICE_FAMILY = "1,2";
			};
			name = Release;
		};
/* End XCBuildConfiguration section */

/* Begin XCConfigurationList section */
		074D4AD92240E93D00EB9304 /* Build configuration list for PBXProject "Starfall" */ = {
			isa = XCConfigurationList;
			buildConfigurations = (
				074D4AE52240E93D00EB9304 /* Debug */,
				074D4AE62240E93D00EB9304 /* Release */,
			);
			defaultConfigurationIsVisible = 0;
			defaultConfigurationName = Release;
		};
		074D4B422240EDAA00EB9304 /* Build configuration list for PBXNativeTarget "Starfall" */ = {
			isa = XCConfigurationList;
			buildConfigurations = (
				074D4B432240EDAA00EB9304 /* Debug */,
				074D4B442240EDAA00EB9304 /* Release */,
			);
			defaultConfigurationIsVisible = 0;
			defaultConfigurationName = Release;
		};
/* End XCConfigurationList section */
	};
	rootObject = 074D4AD62240E93D00EB9304 /* Project object */;
}
